
Microsoft Visual Studio Solution File, Format Version 12.00
# Visual Studio 15
VisualStudioVersion = 15.0.28307.705
MinimumVisualStudioVersion = 10.0.40219.1
Project("{2150E333-8FDC-42A3-9474-1A3956D46DE8}") = "src", "src", "{774E63BE-2AAF-4DCB-8415-1564837F6645}"
EndProject
Project("{2150E333-8FDC-42A3-9474-1A3956D46DE8}") = "test", "test", "{89433FEB-30E1-4AD0-BCD3-791A40F1815E}"
EndProject
Project("{2150E333-8FDC-42A3-9474-1A3956D46DE8}") = "ApiGateways", "ApiGateways", "{72413EE1-AECF-49B2-9128-B928C58C4A7F}"
EndProject
Project("{2150E333-8FDC-42A3-9474-1A3956D46DE8}") = "Services", "Services", "{D8569CE2-8A6A-4179-A0BE-A6EBD4B304E9}"
EndProject
Project("{2150E333-8FDC-42A3-9474-1A3956D46DE8}") = "Web Apps", "Web Apps", "{CD4ACEF0-AA60-406B-B9B3-1720683DDA6B}"
EndProject
Project("{2150E333-8FDC-42A3-9474-1A3956D46DE8}") = "Identity", "Identity", "{BF52B26A-1877-4D0E-97C1-193A289B4DEA}"
EndProject
Project("{FAE04EC0-301F-11D3-BF4B-00C04F79EFBC}") = "Identity.API", "Identity.API\Identity.API.csproj", "{288392E9-1537-42CE-A724-DB794A9CDFDD}"
EndProject
Project("{2150E333-8FDC-42A3-9474-1A3956D46DE8}") = "Catalog", "Catalog", "{917EA209-9631-4DFF-B2A0-B43F0680DC2D}"
EndProject
Project("{FAE04EC0-301F-11D3-BF4B-00C04F79EFBC}") = "Catalog.API", "Catalog.API\Catalog.API.csproj", "{7BCD8A5C-16E7-4B26-92F7-878F6E02A4F3}"
EndProject
Project("{FAE04EC0-301F-11D3-BF4B-00C04F79EFBC}") = "Gateway.API", "Gateway.API\Gateway.API.csproj", "{592080A6-7293-4B5E-8EC0-AD6654269C06}"
EndProject
Global
	GlobalSection(SolutionConfigurationPlatforms) = preSolution
		Debug|Any CPU = Debug|Any CPU
		Release|Any CPU = Release|Any CPU
	EndGlobalSection
	GlobalSection(ProjectConfigurationPlatforms) = postSolution
		{288392E9-1537-42CE-A724-DB794A9CDFDD}.Debug|Any CPU.ActiveCfg = Debug|Any CPU
		{288392E9-1537-42CE-A724-DB794A9CDFDD}.Debug|Any CPU.Build.0 = Debug|Any CPU
		{288392E9-1537-42CE-A724-DB794A9CDFDD}.Release|Any CPU.ActiveCfg = Release|Any CPU
		{288392E9-1537-42CE-A724-DB794A9CDFDD}.Release|Any CPU.Build.0 = Release|Any CPU
		{7BCD8A5C-16E7-4B26-92F7-878F6E02A4F3}.Debug|Any CPU.ActiveCfg = Debug|Any CPU
		{7BCD8A5C-16E7-4B26-92F7-878F6E02A4F3}.Debug|Any CPU.Build.0 = Debug|Any CPU
		{7BCD8A5C-16E7-4B26-92F7-878F6E02A4F3}.Release|Any CPU.ActiveCfg = Release|Any CPU
		{7BCD8A5C-16E7-4B26-92F7-878F6E02A4F3}.Release|Any CPU.Build.0 = Release|Any CPU
		{592080A6-7293-4B5E-8EC0-AD6654269C06}.Debug|Any CPU.ActiveCfg = Debug|Any CPU
		{592080A6-7293-4B5E-8EC0-AD6654269C06}.Debug|Any CPU.Build.0 = Debug|Any CPU
		{592080A6-7293-4B5E-8EC0-AD6654269C06}.Release|Any CPU.ActiveCfg = Release|Any CPU
		{592080A6-7293-4B5E-8EC0-AD6654269C06}.Release|Any CPU.Build.0 = Release|Any CPU
	EndGlobalSection
	GlobalSection(SolutionProperties) = preSolution
		HideSolutionNode = FALSE
	EndGlobalSection
	GlobalSection(NestedProjects) = preSolution
		{72413EE1-AECF-49B2-9128-B928C58C4A7F} = {774E63BE-2AAF-4DCB-8415-1564837F6645}
		{D8569CE2-8A6A-4179-A0BE-A6EBD4B304E9} = {774E63BE-2AAF-4DCB-8415-1564837F6645}
		{CD4ACEF0-AA60-406B-B9B3-1720683DDA6B} = {774E63BE-2AAF-4DCB-8415-1564837F6645}
		{BF52B26A-1877-4D0E-97C1-193A289B4DEA} = {D8569CE2-8A6A-4179-A0BE-A6EBD4B304E9}
		{288392E9-1537-42CE-A724-DB794A9CDFDD} = {BF52B26A-1877-4D0E-97C1-193A289B4DEA}
		{917EA209-9631-4DFF-B2A0-B43F0680DC2D} = {D8569CE2-8A6A-4179-A0BE-A6EBD4B304E9}
		{7BCD8A5C-16E7-4B26-92F7-878F6E02A4F3} = {917EA209-9631-4DFF-B2A0-B43F0680DC2D}
		{592080A6-7293-4B5E-8EC0-AD6654269C06} = {72413EE1-AECF-49B2-9128-B928C58C4A7F}
	EndGlobalSection
	GlobalSection(ExtensibilityGlobals) = postSolution
		SolutionGuid = {7D044685-B6AB-48AB-97E9-000D8CA2E79F}
	EndGlobalSection
EndGlobal
